
Microsoft Visual Studio Solution File, Format Version 12.00
# Visual Studio Version 17
VisualStudioVersion = 17.1.32210.238
MinimumVisualStudioVersion = 10.0.40219.1
Project("{FAE04EC0-301F-11D3-BF4B-00C04F79EFBC}") = "Company", "Company\Company.csproj", "{BF060ADF-1A56-48D9-B8E7-A5F68DBC1D0B}"
EndProject
Global
	GlobalSection(SolutionConfigurationPlatforms) = preSolution
		Debug|Any CPU = Debug|Any CPU
		Release|Any CPU = Release|Any CPU
	EndGlobalSection
	GlobalSection(ProjectConfigurationPlatforms) = postSolution
		{BF060ADF-1A56-48D9-B8E7-A5F68DBC1D0B}.Debug|Any CPU.ActiveCfg = Debug|Any CPU
		{BF060ADF-1A56-48D9-B8E7-A5F68DBC1D0B}.Debug|Any CPU.Build.0 = Debug|Any CPU
		{BF060ADF-1A56-48D9-B8E7-A5F68DBC1D0B}.Release|Any CPU.ActiveCfg = Release|Any CPU
		{BF060ADF-1A56-48D9-B8E7-A5F68DBC1D0B}.Release|Any CPU.Build.0 = Release|Any CPU
	EndGlobalSection
	GlobalSection(SolutionProperties) = preSolution
		HideSolutionNode = FALSE
	EndGlobalSection
	GlobalSection(ExtensibilityGlobals) = postSolution
		SolutionGuid = {087A638C-22F0-4E72-991D-C34EA6186C22}
	EndGlobalSection
EndGlobal
